
Microsoft Visual Studio Solution File, Format Version 12.00
# Visual Studio 15
VisualStudioVersion = 15.0.28307.329
MinimumVisualStudioVersion = 10.0.40219.1
Project("{8BC9CEB8-8B4A-11D0-8D11-00A0C91BC942}") = "wspolliniowosc_punktow2", "wspolliniowosc_punktow2\wspolliniowosc_punktow2.vcxproj", "{42C7308F-F7D7-4970-9043-74D4214FA05A}"
EndProject
Global
	GlobalSection(SolutionConfigurationPlatforms) = preSolution
		Debug|x64 = Debug|x64
		Debug|x86 = Debug|x86
		Release|x64 = Release|x64
		Release|x86 = Release|x86
	EndGlobalSection
	GlobalSection(ProjectConfigurationPlatforms) = postSolution
		{42C7308F-F7D7-4970-9043-74D4214FA05A}.Debug|x64.ActiveCfg = Debug|x64
		{42C7308F-F7D7-4970-9043-74D4214FA05A}.Debug|x64.Build.0 = Debug|x64
		{42C7308F-F7D7-4970-9043-74D4214FA05A}.Debug|x86.ActiveCfg = Debug|Win32
		{42C7308F-F7D7-4970-9043-74D4214FA05A}.Debug|x86.Build.0 = Debug|Win32
		{42C7308F-F7D7-4970-9043-74D4214FA05A}.Release|x64.ActiveCfg = Release|x64
		{42C7308F-F7D7-4970-9043-74D4214FA05A}.Release|x64.Build.0 = Release|x64
		{42C7308F-F7D7-4970-9043-74D4214FA05A}.Release|x86.ActiveCfg = Release|Win32
		{42C7308F-F7D7-4970-9043-74D4214FA05A}.Release|x86.Build.0 = Release|Win32
	EndGlobalSection
	GlobalSection(SolutionProperties) = preSolution
		HideSolutionNode = FALSE
	EndGlobalSection
	GlobalSection(ExtensibilityGlobals) = postSolution
		SolutionGuid = {9BE5B791-E8A4-43D2-A7B8-118F522A8492}
	EndGlobalSection
EndGlobal
